<Solution>
  <Configurations>
    <BuildType Name="Debug" />
    <BuildType Name="nuget_release" />
    <BuildType Name="Release" />
    <Platform Name="Any CPU" />
    <Platform Name="x64" />
  </Configurations>
  <Folder Name="/framework/">
    <Project Path="../../GCModeller/src/runtime/sciBASIC#/cuda/ILCuda/ILCuda.vbproj">
      <Platform Solution="*|x64" Project="x64" />
    </Project>
    <Project Path="../../GCModeller/src/runtime/sciBASIC#/cuda/ILCudaTensor/ILCudaTensor.vbproj">
      <Platform Solution="*|x64" Project="x64" />
    </Project>
    <Project Path="../../GCModeller/src/runtime/sciBASIC#/Data_science/MachineLearning/TensorFlow/TensorFlow.vbproj">
      <Platform Solution="*|x64" Project="x64" />
    </Project>
    <Project Path="../../GCModeller/src/runtime/sciBASIC#/Data_science/Mathematica/Math/Math/Math.NET5.vbproj">
      <Platform Solution="*|x64" Project="x64" />
    </Project>
    <Project Path="../../GCModeller/src/runtime/sciBASIC#/gr/Landscape/Landscape.vbproj">
      <Platform Solution="*|x64" Project="x64" />
    </Project>
    <Project Path="../../GCModeller/src/runtime/sciBASIC#/gr/Microsoft.VisualBasic.Imaging/imaging.NET5.vbproj">
      <Platform Solution="*|x64" Project="x64" />
    </Project>
    <Project Path="../../GCModeller/src/runtime/sciBASIC#/Microsoft.VisualBasic.Core/src/Core.vbproj">
      <Platform Solution="*|x64" Project="x64" />
    </Project>
    <Project Path="../../GCModeller/src/runtime/sciBASIC#/mime/text%html/html_netcore5.vbproj">
      <Platform Solution="*|x64" Project="x64" />
    </Project>
    <Project Path="../../GCModeller/src/runtime/sciBASIC#/vs_solutions/dev/VisualStudio/VisualStudio.NET5.vbproj">
      <Platform Solution="*|x64" Project="x64" />
    </Project>
  </Folder>
  <Project Path="CFDEngine/CFDEngine.vbproj">
    <Platform Solution="*|x64" Project="x64" />
  </Project>
  <Project Path="ZMesh/test/test.vbproj">
    <BuildType Solution="nuget_release|*" Project="Release" />
    <Platform Solution="Debug|x64" Project="x64" />
  </Project>
  <Project Path="ZMesh/ZMesh.vbproj">
    <Platform Solution="*|x64" Project="x64" />
  </Project>
</Solution>
